
Microsoft Visual Studio Solution File, Format Version 12.00
# Visual Studio Version 16
VisualStudioVersion = 16.0.29806.167
MinimumVisualStudioVersion = 10.0.40219.1
Project("{2150E333-8FDC-42A3-9474-1A3956D46DE8}") = "src", "src", "{727AF09D-E2E1-4A4B-B8E0-CE03CDF9F589}"
EndProject
Project("{2150E333-8FDC-42A3-9474-1A3956D46DE8}") = "test", "test", "{B6B1ADCB-1959-4BFA-9C05-8357C07C43D9}"
EndProject
Project("{2150E333-8FDC-42A3-9474-1A3956D46DE8}") = "tools", "tools", "{27BD53ED-0E66-4D5D-8DAC-823C80DFCE67}"
	ProjectSection(SolutionItems) = preProject
		tools\common.props = tools\common.props
	EndProjectSection
EndProject
Project("{2150E333-8FDC-42A3-9474-1A3956D46DE8}") = "api", "api", "{A1A9810D-E813-4620-A32A-405BA2887233}"
EndProject
Project("{2150E333-8FDC-42A3-9474-1A3956D46DE8}") = "database", "database", "{DF5213F1-ECCE-414F-BFB0-FC120DAB3454}"
EndProject
Project("{2150E333-8FDC-42A3-9474-1A3956D46DE8}") = "business", "business", "{9F8D5E6C-1026-4B17-889E-DD0137BA0BCB}"
EndProject
Project("{9A19103F-16F7-4668-BE54-9A1E7A4F7556}") = "Pro.Learn.Edu.Database.Contracts", "src\database\Pro.Learn.Edu.Database.Contracts\Pro.Learn.Edu.Database.Contracts.csproj", "{078903C7-B7FD-4CFF-965D-AF10C4483394}"
EndProject
Project("{2150E333-8FDC-42A3-9474-1A3956D46DE8}") = "Solution Items", "Solution Items", "{944995C9-1C5D-4359-B72A-13BF5B04F28B}"
	ProjectSection(SolutionItems) = preProject
		.editorconfig = .editorconfig
	EndProjectSection
EndProject
Project("{9A19103F-16F7-4668-BE54-9A1E7A4F7556}") = "Pro.Learn.Edu.Database", "src\database\Pro.Learn.Edu.Database\Pro.Learn.Edu.Database.csproj", "{DC2B2A93-6DBB-4E02-964C-E8EDBF19C953}"
EndProject
Project("{9A19103F-16F7-4668-BE54-9A1E7A4F7556}") = "Pro.Learn.Edu.Database.Migrator", "src\database\Pro.Learn.Edu.Database.Migrator\Pro.Learn.Edu.Database.Migrator.csproj", "{D73D73C3-DE3E-488F-9237-2B15E3C00906}"
EndProject
Project("{9A19103F-16F7-4668-BE54-9A1E7A4F7556}") = "Pro.Learn.Edu.Api", "src\api\Pro.Learn.Edu.Api\Pro.Learn.Edu.Api.csproj", "{2C122D0D-4DE9-4499-9D18-96C71D279ADC}"
EndProject
Project("{FAE04EC0-301F-11D3-BF4B-00C04F79EFBC}") = "Pro.Learn.Edu.Business.Contract", "src\business\Pro.Learn.Edu.Business.Contract\Pro.Learn.Edu.Business.Contract.csproj", "{78DA5CA4-5742-412F-AF4B-ACB1E9075B0B}"
EndProject
Project("{FAE04EC0-301F-11D3-BF4B-00C04F79EFBC}") = "Pro.Learn.Edu.Business", "src\business\Pro.Learn.Edu.Business\Pro.Learn.Edu.Business.csproj", "{6AA657B9-ABB1-46BC-A425-1AB4816905CD}"
EndProject
Global
	GlobalSection(SolutionConfigurationPlatforms) = preSolution
		Debug|Any CPU = Debug|Any CPU
		Release|Any CPU = Release|Any CPU
	EndGlobalSection
	GlobalSection(ProjectConfigurationPlatforms) = postSolution
		{078903C7-B7FD-4CFF-965D-AF10C4483394}.Debug|Any CPU.ActiveCfg = Debug|Any CPU
		{078903C7-B7FD-4CFF-965D-AF10C4483394}.Debug|Any CPU.Build.0 = Debug|Any CPU
		{078903C7-B7FD-4CFF-965D-AF10C4483394}.Release|Any CPU.ActiveCfg = Release|Any CPU
		{078903C7-B7FD-4CFF-965D-AF10C4483394}.Release|Any CPU.Build.0 = Release|Any CPU
		{DC2B2A93-6DBB-4E02-964C-E8EDBF19C953}.Debug|Any CPU.ActiveCfg = Debug|Any CPU
		{DC2B2A93-6DBB-4E02-964C-E8EDBF19C953}.Debug|Any CPU.Build.0 = Debug|Any CPU
		{DC2B2A93-6DBB-4E02-964C-E8EDBF19C953}.Release|Any CPU.ActiveCfg = Release|Any CPU
		{DC2B2A93-6DBB-4E02-964C-E8EDBF19C953}.Release|Any CPU.Build.0 = Release|Any CPU
		{D73D73C3-DE3E-488F-9237-2B15E3C00906}.Debug|Any CPU.ActiveCfg = Debug|Any CPU
		{D73D73C3-DE3E-488F-9237-2B15E3C00906}.Debug|Any CPU.Build.0 = Debug|Any CPU
		{D73D73C3-DE3E-488F-9237-2B15E3C00906}.Release|Any CPU.ActiveCfg = Release|Any CPU
		{D73D73C3-DE3E-488F-9237-2B15E3C00906}.Release|Any CPU.Build.0 = Release|Any CPU
		{2C122D0D-4DE9-4499-9D18-96C71D279ADC}.Debug|Any CPU.ActiveCfg = Debug|Any CPU
		{2C122D0D-4DE9-4499-9D18-96C71D279ADC}.Debug|Any CPU.Build.0 = Debug|Any CPU
		{2C122D0D-4DE9-4499-9D18-96C71D279ADC}.Release|Any CPU.ActiveCfg = Release|Any CPU
		{2C122D0D-4DE9-4499-9D18-96C71D279ADC}.Release|Any CPU.Build.0 = Release|Any CPU
		{78DA5CA4-5742-412F-AF4B-ACB1E9075B0B}.Debug|Any CPU.ActiveCfg = Debug|Any CPU
		{78DA5CA4-5742-412F-AF4B-ACB1E9075B0B}.Debug|Any CPU.Build.0 = Debug|Any CPU
		{78DA5CA4-5742-412F-AF4B-ACB1E9075B0B}.Release|Any CPU.ActiveCfg = Release|Any CPU
		{78DA5CA4-5742-412F-AF4B-ACB1E9075B0B}.Release|Any CPU.Build.0 = Release|Any CPU
		{6AA657B9-ABB1-46BC-A425-1AB4816905CD}.Debug|Any CPU.ActiveCfg = Debug|Any CPU
		{6AA657B9-ABB1-46BC-A425-1AB4816905CD}.Debug|Any CPU.Build.0 = Debug|Any CPU
		{6AA657B9-ABB1-46BC-A425-1AB4816905CD}.Release|Any CPU.ActiveCfg = Release|Any CPU
		{6AA657B9-ABB1-46BC-A425-1AB4816905CD}.Release|Any CPU.Build.0 = Release|Any CPU
	EndGlobalSection
	GlobalSection(SolutionProperties) = preSolution
		HideSolutionNode = FALSE
	EndGlobalSection
	GlobalSection(NestedProjects) = preSolution
		{A1A9810D-E813-4620-A32A-405BA2887233} = {727AF09D-E2E1-4A4B-B8E0-CE03CDF9F589}
		{DF5213F1-ECCE-414F-BFB0-FC120DAB3454} = {727AF09D-E2E1-4A4B-B8E0-CE03CDF9F589}
		{9F8D5E6C-1026-4B17-889E-DD0137BA0BCB} = {727AF09D-E2E1-4A4B-B8E0-CE03CDF9F589}
		{078903C7-B7FD-4CFF-965D-AF10C4483394} = {DF5213F1-ECCE-414F-BFB0-FC120DAB3454}
		{DC2B2A93-6DBB-4E02-964C-E8EDBF19C953} = {DF5213F1-ECCE-414F-BFB0-FC120DAB3454}
		{D73D73C3-DE3E-488F-9237-2B15E3C00906} = {DF5213F1-ECCE-414F-BFB0-FC120DAB3454}
		{2C122D0D-4DE9-4499-9D18-96C71D279ADC} = {A1A9810D-E813-4620-A32A-405BA2887233}
		{78DA5CA4-5742-412F-AF4B-ACB1E9075B0B} = {9F8D5E6C-1026-4B17-889E-DD0137BA0BCB}
		{6AA657B9-ABB1-46BC-A425-1AB4816905CD} = {9F8D5E6C-1026-4B17-889E-DD0137BA0BCB}
	EndGlobalSection
	GlobalSection(ExtensibilityGlobals) = postSolution
		SolutionGuid = {170A3DF7-00E5-40FA-9ED1-599EACC5CE06}
	EndGlobalSection
EndGlobal
